// !$*UTF8*$!
{
	archiveVersion = 1;
	classes = {
	};
	objectVersion = 50;
	objects = {

/* Begin PBXBuildFile section */
		AB9DCAA426B006200076B21B /* main.cpp in Sources */ = {isa = PBXBuildFile; fileRef = AB9DCAA326B006200076B21B /* main.cpp */; };
		AB9DCAAC26B006380076B21B /* libGLEW.dylib in Frameworks */ = {isa = PBXBuildFile; fileRef = AB9DCAAB26B006380076B21B /* libGLEW.dylib */; };
		AB9DCAAE26B0063B0076B21B /* libglfw.dylib in Frameworks */ = {isa = PBXBuildFile; fileRef = AB9DCAAD26B0063B0076B21B /* libglfw.dylib */; };
		AB9DCAB026B007480076B21B /* glad.c in Sources */ = {isa = PBXBuildFile; fileRef = AB9DCAAF26B007480076B21B /* glad.c */; };
		AB9DCAB526B007560076B21B /* Camera.cpp in Sources */ = {isa = PBXBuildFile; fileRef = AB9DCAB326B007560076B21B /* Camera.cpp */; };
/* End PBXBuildFile section */

/* Begin PBXCopyFilesBuildPhase section */
		AB9DCA9E26B006200076B21B /* CopyFiles */ = {
			isa = PBXCopyFilesBuildPhase;
			buildActionMask = 2147483647;
			dstPath = /usr/share/man/man1/;
			dstSubfolderSpec = 0;
			files = (
			);
			runOnlyForDeploymentPostprocessing = 1;
		};
/* End PBXCopyFilesBuildPhase section */

/* Begin PBXFileReference section */
		AB9DCAA026B006200076B21B /* OpenGL_Test12_Mix */ = {isa = PBXFileReference; explicitFileType = "compiled.mach-o.executable"; includeInIndex = 0; path = OpenGL_Test12_Mix; sourceTree = BUILT_PRODUCTS_DIR; };
		AB9DCAA326B006200076B21B /* main.cpp */ = {isa = PBXFileReference; lastKnownFileType = sourcecode.cpp.cpp; path = main.cpp; sourceTree = "<group>"; };
		AB9DCAAB26B006380076B21B /* libGLEW.dylib */ = {isa = PBXFileReference; lastKnownFileType = "compiled.mach-o.dylib"; name = libGLEW.dylib; path = ../../../glew/2.2.0_1/lib/libGLEW.dylib; sourceTree = "<group>"; };
		AB9DCAAD26B0063B0076B21B /* libglfw.dylib */ = {isa = PBXFileReference; lastKnownFileType = "compiled.mach-o.dylib"; name = libglfw.dylib; path = ../../../glfw/3.3.4/lib/libglfw.dylib; sourceTree = "<group>"; };
		AB9DCAAF26B007480076B21B /* glad.c */ = {isa = PBXFileReference; fileEncoding = 4; lastKnownFileType = sourcecode.c.c; name = glad.c; path = ../../../../glad/src/glad.c; sourceTree = "<group>"; };
		AB9DCAB126B007560076B21B /* Camera.hpp */ = {isa = PBXFileReference; fileEncoding = 4; lastKnownFileType = sourcecode.cpp.h; path = Camera.hpp; sourceTree = "<group>"; };
		AB9DCAB226B007560076B21B /* stb_image.h */ = {isa = PBXFileReference; fileEncoding = 4; lastKnownFileType = sourcecode.c.h; path = stb_image.h; sourceTree = "<group>"; };
		AB9DCAB326B007560076B21B /* Camera.cpp */ = {isa = PBXFileReference; fileEncoding = 4; lastKnownFileType = sourcecode.cpp.cpp; path = Camera.cpp; sourceTree = "<group>"; };
		AB9DCAB426B007560076B21B /* Shader.h */ = {isa = PBXFileReference; fileEncoding = 4; lastKnownFileType = sourcecode.c.h; path = Shader.h; sourceTree = "<group>"; };
		AB9DCABD26B007630076B21B /* LightVertexShader.cpp */ = {isa = PBXFileReference; lastKnownFileType = sourcecode.cpp.cpp; path = LightVertexShader.cpp; sourceTree = "<group>"; };
		AB9DCABE26B007630076B21B /* LightFragmentShader.cpp */ = {isa = PBXFileReference; lastKnownFileType = sourcecode.cpp.cpp; path = LightFragmentShader.cpp; sourceTree = "<group>"; };
/* End PBXFileReference section */

/* Begin PBXFrameworksBuildPhase section */
		AB9DCA9D26B006200076B21B /* Frameworks */ = {
			isa = PBXFrameworksBuildPhase;
			buildActionMask = 2147483647;
			files = (
				AB9DCAAC26B006380076B21B /* libGLEW.dylib in Frameworks */,
				AB9DCAAE26B0063B0076B21B /* libglfw.dylib in Frameworks */,
			);
			runOnlyForDeploymentPostprocessing = 0;
		};
/* End PBXFrameworksBuildPhase section */

/* Begin PBXGroup section */
		AB9DCA9726B006200076B21B = {
			isa = PBXGroup;
			children = (
				AB9DCAA226B006200076B21B /* OpenGL_Test12_Mix */,
				AB9DCAA126B006200076B21B /* Products */,
				AB9DCAAA26B006380076B21B /* Frameworks */,
			);
			sourceTree = "<group>";
		};
		AB9DCAA126B006200076B21B /* Products */ = {
			isa = PBXGroup;
			children = (
				AB9DCAA026B006200076B21B /* OpenGL_Test12_Mix */,
			);
			name = Products;
			sourceTree = "<group>";
		};
		AB9DCAA226B006200076B21B /* OpenGL_Test12_Mix */ = {
			isa = PBXGroup;
			children = (
				AB9DCABC26B007630076B21B /* LightShader */,
				AB9DCAB326B007560076B21B /* Camera.cpp */,
				AB9DCAB126B007560076B21B /* Camera.hpp */,
				AB9DCAB426B007560076B21B /* Shader.h */,
				AB9DCAB226B007560076B21B /* stb_image.h */,
				AB9DCAAF26B007480076B21B /* glad.c */,
				AB9DCAA326B006200076B21B /* main.cpp */,
			);
			path = OpenGL_Test12_Mix;
			sourceTree = "<group>";
		};
		AB9DCAAA26B006380076B21B /* Frameworks */ = {
			isa = PBXGroup;
			children = (
				AB9DCAAD26B0063B0076B21B /* libglfw.dylib */,
				AB9DCAAB26B006380076B21B /* libGLEW.dylib */,
			);
			name = Frameworks;
			sourceTree = "<group>";
		};
		AB9DCABC26B007630076B21B /* LightShader */ = {
			isa = PBXGroup;
			children = (
				AB9DCABD26B007630076B21B /* LightVertexShader.cpp */,
				AB9DCABE26B007630076B21B /* LightFragmentShader.cpp */,
			);
			path = LightShader;
			sourceTree = "<group>";
		};
/* End PBXGroup section */

/* Begin PBXNativeTarget section */
		AB9DCA9F26B006200076B21B /* OpenGL_Test12_Mix */ = {
			isa = PBXNativeTarget;
			buildConfigurationList = AB9DCAA726B006200076B21B /* Build configuration list for PBXNativeTarget "OpenGL_Test12_Mix" */;
			buildPhases = (
				AB9DCA9C26B006200076B21B /* Sources */,
				AB9DCA9D26B006200076B21B /* Frameworks */,
				AB9DCA9E26B006200076B21B /* CopyFiles */,
			);
			buildRules = (
			);
			dependencies = (
			);
			name = OpenGL_Test12_Mix;
			productName = OpenGL_Test12_Mix;
			productReference = AB9DCAA026B006200076B21B /* OpenGL_Test12_Mix */;
			productType = "com.apple.product-type.tool";
		};
/* End PBXNativeTarget section */

/* Begin PBXProject section */
		AB9DCA9826B006200076B21B /* Project object */ = {
			isa = PBXProject;
			attributes = {
				LastUpgradeCheck = 1250;
				TargetAttributes = {
					AB9DCA9F26B006200076B21B = {
						CreatedOnToolsVersion = 12.5.1;
					};
				};
			};
			buildConfigurationList = AB9DCA9B26B006200076B21B /* Build configuration list for PBXProject "OpenGL_Test12_Mix" */;
			compatibilityVersion = "Xcode 9.3";
			developmentRegion = en;
			hasScannedForEncodings = 0;
			knownRegions = (
				en,
				Base,
			);
			mainGroup = AB9DCA9726B006200076B21B;
			productRefGroup = AB9DCAA126B006200076B21B /* Products */;
			projectDirPath = "";
			projectRoot = "";
			targets = (
				AB9DCA9F26B006200076B21B /* OpenGL_Test12_Mix */,
			);
		};
/* End PBXProject section */

/* Begin PBXSourcesBuildPhase section */
		AB9DCA9C26B006200076B21B /* Sources */ = {
			isa = PBXSourcesBuildPhase;
			buildActionMask = 2147483647;
			files = (
				AB9DCAA426B006200076B21B /* main.cpp in Sources */,
				AB9DCAB526B007560076B21B /* Camera.cpp in Sources */,
				AB9DCAB026B007480076B21B /* glad.c in Sources */,
			);
			runOnlyForDeploymentPostprocessing = 0;
		};
/* End PBXSourcesBuildPhase section */

/* Begin XCBuildConfiguration section */
		AB9DCAA526B006200076B21B /* Debug */ = {
			isa = XCBuildConfiguration;
			buildSettings = {
				ALWAYS_SEARCH_USER_PATHS = NO;
				CLANG_ANALYZER_NONNULL = YES;
				CLANG_ANALYZER_NUMBER_OBJECT_CONVERSION = YES_AGGRESSIVE;
				CLANG_CXX_LANGUAGE_STANDARD = "gnu++14";
				CLANG_CXX_LIBRARY = "libc++";
				CLANG_ENABLE_MODULES = YES;
				CLANG_ENABLE_OBJC_ARC = YES;
				CLANG_ENABLE_OBJC_WEAK = YES;
				CLANG_WARN_BLOCK_CAPTURE_AUTORELEASING = YES;
				CLANG_WARN_BOOL_CONVERSION = YES;
				CLANG_WARN_COMMA = YES;
				CLANG_WARN_CONSTANT_CONVERSION = YES;
				CLANG_WARN_DEPRECATED_OBJC_IMPLEMENTATIONS = YES;
				CLANG_WARN_DIRECT_OBJC_ISA_USAGE = YES_ERROR;
				CLANG_WARN_DOCUMENTATION_COMMENTS = YES;
				CLANG_WARN_EMPTY_BODY = YES;
				CLANG_WARN_ENUM_CONVERSION = YES;
				CLANG_WARN_INFINITE_RECURSION = YES;
				CLANG_WARN_INT_CONVERSION = YES;
				CLANG_WARN_NON_LITERAL_NULL_CONVERSION = YES;
				CLANG_WARN_OBJC_IMPLICIT_RETAIN_SELF = YES;
				CLANG_WARN_OBJC_LITERAL_CONVERSION = YES;
				CLANG_WARN_OBJC_ROOT_CLASS = YES_ERROR;
				CLANG_WARN_QUOTED_INCLUDE_IN_FRAMEWORK_HEADER = YES;
				CLANG_WARN_RANGE_LOOP_ANALYSIS = YES;
				CLANG_WARN_STRICT_PROTOTYPES = YES;
				CLANG_WARN_SUSPICIOUS_MOVE = YES;
				CLANG_WARN_UNGUARDED_AVAILABILITY = YES_AGGRESSIVE;
				CLANG_WARN_UNREACHABLE_CODE = YES;
				CLANG_WARN__DUPLICATE_METHOD_MATCH = YES;
				COPY_PHASE_STRIP = NO;
				DEBUG_INFORMATION_FORMAT = dwarf;
				ENABLE_STRICT_OBJC_MSGSEND = YES;
				ENABLE_TESTABILITY = YES;
				GCC_C_LANGUAGE_STANDARD = gnu11;
				GCC_DYNAMIC_NO_PIC = NO;
				GCC_NO_COMMON_BLOCKS = YES;
				GCC_OPTIMIZATION_LEVEL = 0;
				GCC_PREPROCESSOR_DEFINITIONS = (
					"DEBUG=1",
					"$(inherited)",
				);
				GCC_WARN_64_TO_32_BIT_CONVERSION = YES;
				GCC_WARN_ABOUT_RETURN_TYPE = YES_ERROR;
				GCC_WARN_UNDECLARED_SELECTOR = YES;
				GCC_WARN_UNINITIALIZED_AUTOS = YES_AGGRESSIVE;
				GCC_WARN_UNUSED_FUNCTION = YES;
				GCC_WARN_UNUSED_VARIABLE = YES;
				MACOSX_DEPLOYMENT_TARGET = 11.3;
				MTL_ENABLE_DEBUG_INFO = INCLUDE_SOURCE;
				MTL_FAST_MATH = YES;
				ONLY_ACTIVE_ARCH = YES;
				SDKROOT = macosx;
			};
			name = Debug;
		};
		AB9DCAA626B006200076B21B /* Release */ = {
			isa = XCBuildConfiguration;
			buildSettings = {
				ALWAYS_SEARCH_USER_PATHS = NO;
				CLANG_ANALYZER_NONNULL = YES;
				CLANG_ANALYZER_NUMBER_OBJECT_CONVERSION = YES_AGGRESSIVE;
				CLANG_CXX_LANGUAGE_STANDARD = "gnu++14";
				CLANG_CXX_LIBRARY = "libc++";
				CLANG_ENABLE_MODULES = YES;
				CLANG_ENABLE_OBJC_ARC = YES;
				CLANG_ENABLE_OBJC_WEAK = YES;
				CLANG_WARN_BLOCK_CAPTURE_AUTORELEASING = YES;
				CLANG_WARN_BOOL_CONVERSION = YES;
				CLANG_WARN_COMMA = YES;
				CLANG_WARN_CONSTANT_CONVERSION = YES;
				CLANG_WARN_DEPRECATED_OBJC_IMPLEMENTATIONS = YES;
				CLANG_WARN_DIRECT_OBJC_ISA_USAGE = YES_ERROR;
				CLANG_WARN_DOCUMENTATION_COMMENTS = YES;
				CLANG_WARN_EMPTY_BODY = YES;
				CLANG_WARN_ENUM_CONVERSION = YES;
				CLANG_WARN_INFINITE_RECURSION = YES;
				CLANG_WARN_INT_CONVERSION = YES;
				CLANG_WARN_NON_LITERAL_NULL_CONVERSION = YES;
				CLANG_WARN_OBJC_IMPLICIT_RETAIN_SELF = YES;
				CLANG_WARN_OBJC_LITERAL_CONVERSION = YES;
				CLANG_WARN_OBJC_ROOT_CLASS = YES_ERROR;
				CLANG_WARN_QUOTED_INCLUDE_IN_FRAMEWORK_HEADER = YES;
				CLANG_WARN_RANGE_LOOP_ANALYSIS = YES;
				CLANG_WARN_STRICT_PROTOTYPES = YES;
				CLANG_WARN_SUSPICIOUS_MOVE = YES;
				CLANG_WARN_UNGUARDED_AVAILABILITY = YES_AGGRESSIVE;
				CLANG_WARN_UNREACHABLE_CODE = YES;
				CLANG_WARN__DUPLICATE_METHOD_MATCH = YES;
				COPY_PHASE_STRIP = NO;
				DEBUG_INFORMATION_FORMAT = "dwarf-with-dsym";
				ENABLE_NS_ASSERTIONS = NO;
				ENABLE_STRICT_OBJC_MSGSEND = YES;
				GCC_C_LANGUAGE_STANDARD = gnu11;
				GCC_NO_COMMON_BLOCKS = YES;
				GCC_WARN_64_TO_32_BIT_CONVERSION = YES;
				GCC_WARN_ABOUT_RETURN_TYPE = YES_ERROR;
				GCC_WARN_UNDECLARED_SELECTOR = YES;
				GCC_WARN_UNINITIALIZED_AUTOS = YES_AGGRESSIVE;
				GCC_WARN_UNUSED_FUNCTION = YES;
				GCC_WARN_UNUSED_VARIABLE = YES;
				MACOSX_DEPLOYMENT_TARGET = 11.3;
				MTL_ENABLE_DEBUG_INFO = NO;
				MTL_FAST_MATH = YES;
				SDKROOT = macosx;
			};
			name = Release;
		};
		AB9DCAA826B006200076B21B /* Debug */ = {
			isa = XCBuildConfiguration;
			buildSettings = {
				CODE_SIGN_STYLE = Automatic;
				HEADER_SEARCH_PATHS = (
					"\"$(SRCROOT)/../../../glad/include\"",
					"\"$(SRCROOT)/../../../glew/2.2.0_1/include\"",
					"\"$(SRCROOT)/../../../glfw/3.3.4/include\"",
					"\"$(SRCROOT)/../../../glm/0.9.9.8/include\"",
				);
				LIBRARY_SEARCH_PATHS = (
					"\"$(SRCROOT)/../../../glew/2.2.0_1/lib\"",
					"\"$(SRCROOT)/../../../glfw/3.3.4/lib\"",
				);
				PRODUCT_NAME = "$(TARGET_NAME)";
			};
			name = Debug;
		};
		AB9DCAA926B006200076B21B /* Release */ = {
			isa = XCBuildConfiguration;
			buildSettings = {
				CODE_SIGN_STYLE = Automatic;
				HEADER_SEARCH_PATHS = (
					"\"$(SRCROOT)/../../../glad/include\"",
					"\"$(SRCROOT)/../../../glew/2.2.0_1/include\"",
					"\"$(SRCROOT)/../../../glfw/3.3.4/include\"",
					"\"$(SRCROOT)/../../../glm/0.9.9.8/include\"",
				);
				LIBRARY_SEARCH_PATHS = (
					"\"$(SRCROOT)/../../../glew/2.2.0_1/lib\"",
					"\"$(SRCROOT)/../../../glfw/3.3.4/lib\"",
				);
				PRODUCT_NAME = "$(TARGET_NAME)";
			};
			name = Release;
		};
/* End XCBuildConfiguration section */

/* Begin XCConfigurationList section */
		AB9DCA9B26B006200076B21B /* Build configuration list for PBXProject "OpenGL_Test12_Mix" */ = {
			isa = XCConfigurationList;
			buildConfigurations = (
				AB9DCAA526B006200076B21B /* Debug */,
				AB9DCAA626B006200076B21B /* Release */,
			);
			defaultConfigurationIsVisible = 0;
			defaultConfigurationName = Release;
		};
		AB9DCAA726B006200076B21B /* Build configuration list for PBXNativeTarget "OpenGL_Test12_Mix" */ = {
			isa = XCConfigurationList;
			buildConfigurations = (
				AB9DCAA826B006200076B21B /* Debug */,
				AB9DCAA926B006200076B21B /* Release */,
			);
			defaultConfigurationIsVisible = 0;
			defaultConfigurationName = Release;
		};
/* End XCConfigurationList section */
	};
	rootObject = AB9DCA9826B006200076B21B /* Project object */;
}
